<?xml version="1.0" encoding="utf-8"?>
<Project ToolsVersion="4.0" xmlns="http://schemas.microsoft.com/developer/msbuild/2003">
  <ItemGroup>
    <Filter Include="Source Files">
      <UniqueIdentifier>{4FC737F1-C7A5-4376-A066-2A32D752A2FF}</UniqueIdentifier>
      <Extensions>cpp;c;cc;cxx;def;odl;idl;hpj;bat;asm;asmx</Extensions>
    </Filter>
    <Filter Include="Header Files">
      <UniqueIdentifier>{93995380-89BD-4b04-88EB-625FBE52EBFB}</UniqueIdentifier>
      <Extensions>h;hh;hpp;hxx;hm;inl;inc;xsd</Extensions>
    </Filter>
    <Filter Include="Resource Files">
      <UniqueIdentifier>{67DA6AB6-F800-4c08-8B7A-83BB121AAD01}</UniqueIdentifier>
      <Extensions>rc;ico;cur;bmp;dlg;rc2;rct;bin;rgs;gif;jpg;jpeg;jpe;resx;tiff;tif;png;wav;mfcribbon-ms</Extensions>
    </Filter>
    <Filter Include="Shaders">
      <UniqueIdentifier>{5d01d7cf-e285-4af6-aa3e-7c0bc1224741}</UniqueIdentifier>
    </Filter>
    <Filter Include="Shaders\SimpleSquare">
      <UniqueIdentifier>{3729e2f5-2e63-45e5-b271-c56ce71c44fc}</UniqueIdentifier>
    </Filter>
    <Filter Include="Shaders\Cube3D">
      <UniqueIdentifier>{e2af7109-0a9d-4ce6-9ef2-c31394799c0d}</UniqueIdentifier>
    </Filter>
    <Filter Include="Shaders\ZbufferCubes">
      <UniqueIdentifier>{4d20c6f5-c1a7-4cd0-9c16-296b0885d8ce}</UniqueIdentifier>
    </Filter>
    <Filter Include="Shaders\Lighting">
      <UniqueIdentifier>{7406b74e-dc89-409a-b3c9-603c3546c025}</UniqueIdentifier>
    </Filter>
  </ItemGroup>
  <ItemGroup>
    <ClInclude Include="BaseWindow.h">
      <Filter>Header Files</Filter>
    </ClInclude>
    <ClInclude Include="SimpleSquare.h">
      <Filter>Header Files</Filter>
    </ClInclude>
    <ClInclude Include="Cube3D.h">
      <Filter>Header Files</Filter>
    </ClInclude>
    <ClInclude Include="ZbufferCubes.h">
      <Filter>Header Files</Filter>
    </ClInclude>
    <ClInclude Include="Lighting.h">
      <Filter>Header Files</Filter>
    </ClInclude>
  </ItemGroup>
  <ItemGroup>
    <ClCompile Include="BaseWindow.cpp">
      <Filter>Source Files</Filter>
    </ClCompile>
    <ClCompile Include="main.cpp">
      <Filter>Source Files</Filter>
    </ClCompile>
    <ClCompile Include="SimpleSquare.cpp">
      <Filter>Source Files</Filter>
    </ClCompile>
    <ClCompile Include="Cube3D.cpp">
      <Filter>Source Files</Filter>
    </ClCompile>
    <ClCompile Include="ZbufferCubes.cpp">
      <Filter>Source Files</Filter>
    </ClCompile>
    <ClCompile Include="Lighting.cpp">
      <Filter>Source Files</Filter>
    </ClCompile>
  </ItemGroup>
  <ItemGroup>
    <FxCompile Include="myPixelShader.hlsl">
      <Filter>Shaders\SimpleSquare</Filter>
    </FxCompile>
    <FxCompile Include="myVertexShader.hlsl">
      <Filter>Shaders\SimpleSquare</Filter>
    </FxCompile>
    <FxCompile Include="3DVertexShader.hlsl">
      <Filter>Shaders\Cube3D</Filter>
    </FxCompile>
    <FxCompile Include="3DPixelShader.hlsl">
      <Filter>Shaders\Cube3D</Filter>
    </FxCompile>
    <FxCompile Include="SimplePixelShader.hlsl">
      <Filter>Shaders\ZbufferCubes</Filter>
    </FxCompile>
    <FxCompile Include="SimpleDiffuseVShader.hlsl">
      <Filter>Shaders\Lighting</Filter>
    </FxCompile>
    <FxCompile Include="SimpleDiffusePShader.hlsl">
      <Filter>Shaders\Lighting</Filter>
    </FxCompile>
  </ItemGroup>
</Project>